Microsoft Visual Studio Solution File, Format Version 12.00
# Visual Studio Version 17
VisualStudioVersion = 17.5.2.0
MinimumVisualStudioVersion = 10.0.40219.1
Project("{FAE04EC0-301F-11D3-BF4B-00C04F79EFBC}") = "Structuno", "Structuno.csproj", "{010636D1-012A-DC89-B52E-20D77EE0092C}"
EndProject
Global
	GlobalSection(SolutionConfigurationPlatforms) = preSolution
		Debug|Any CPU = Debug|Any CPU
		Release|Any CPU = Release|Any CPU
	EndGlobalSection
	GlobalSection(ProjectConfigurationPlatforms) = postSolution
		{010636D1-012A-DC89-B52E-20D77EE0092C}.Debug|Any CPU.ActiveCfg = Debug|Any CPU
		{010636D1-012A-DC89-B52E-20D77EE0092C}.Debug|Any CPU.Build.0 = Debug|Any CPU
		{010636D1-012A-DC89-B52E-20D77EE0092C}.Release|Any CPU.ActiveCfg = Release|Any CPU
		{010636D1-012A-DC89-B52E-20D77EE0092C}.Release|Any CPU.Build.0 = Release|Any CPU
	EndGlobalSection
	GlobalSection(SolutionProperties) = preSolution
		HideSolutionNode = FALSE
	EndGlobalSection
	GlobalSection(ExtensibilityGlobals) = postSolution
		SolutionGuid = {14FA34BF-F2E8-468A-AB4D-8AC94A0DC476}
	EndGlobalSection
EndGlobal
